Microsoft Visual Studio Solution File, Format Version 12.00
# Visual Studio Version 17
VisualStudioVersion = 17.5.2.0
MinimumVisualStudioVersion = 10.0.40219.1
Project("{FAE04EC0-301F-11D3-BF4B-00C04F79EFBC}") = "EstructuraDatos2025", "EstructuraDatos2025.csproj", "{83B4ED3D-3CA9-A4C6-54E6-BD911B1220EF}"
EndProject
Global
	GlobalSection(SolutionConfigurationPlatforms) = preSolution
		Debug|Any CPU = Debug|Any CPU
		Release|Any CPU = Release|Any CPU
	EndGlobalSection
	GlobalSection(ProjectConfigurationPlatforms) = postSolution
		{83B4ED3D-3CA9-A4C6-54E6-BD911B1220EF}.Debug|Any CPU.ActiveCfg = Debug|Any CPU
		{83B4ED3D-3CA9-A4C6-54E6-BD911B1220EF}.Debug|Any CPU.Build.0 = Debug|Any CPU
		{83B4ED3D-3CA9-A4C6-54E6-BD911B1220EF}.Release|Any CPU.ActiveCfg = Release|Any CPU
		{83B4ED3D-3CA9-A4C6-54E6-BD911B1220EF}.Release|Any CPU.Build.0 = Release|Any CPU
	EndGlobalSection
	GlobalSection(SolutionProperties) = preSolution
		HideSolutionNode = FALSE
	EndGlobalSection
	GlobalSection(ExtensibilityGlobals) = postSolution
		SolutionGuid = {82966284-9DA9-4E4D-B9DD-6909DD92C05E}
	EndGlobalSection
EndGlobal
